
Microsoft Visual Studio Solution File, Format Version 12.00
# Visual Studio 15
VisualStudioVersion = 15.0.27428.2037
MinimumVisualStudioVersion = 10.0.40219.1
Project("{FAE04EC0-301F-11D3-BF4B-00C04F79EFBC}") = "KEC.Curation.Data", "KEC.Curation.Data\KEC.Curation.Data.csproj", "{F9B90F50-61B1-48BB-8CCA-8F7839AAFD96}"
EndProject
Project("{FAE04EC0-301F-11D3-BF4B-00C04F79EFBC}") = "KEC.Curation.Services", "KEC.Curation.Services\KEC.Curation.Services.csproj", "{25B04D5F-83AC-4FA6-8480-04699C929B2B}"
EndProject
Project("{FAE04EC0-301F-11D3-BF4B-00C04F79EFBC}") = "KEC.Curation.Web.Api", "KEC.Curation.Web.Api\KEC.Curation.Web.Api.csproj", "{E3EDF1F7-3D22-4B5C-B1EA-A441BBA031F3}"
EndProject
Global
	GlobalSection(SolutionConfigurationPlatforms) = preSolution
		Debug|Any CPU = Debug|Any CPU
		Release|Any CPU = Release|Any CPU
	EndGlobalSection
	GlobalSection(ProjectConfigurationPlatforms) = postSolution
		{F9B90F50-61B1-48BB-8CCA-8F7839AAFD96}.Debug|Any CPU.ActiveCfg = Debug|Any CPU
		{F9B90F50-61B1-48BB-8CCA-8F7839AAFD96}.Debug|Any CPU.Build.0 = Debug|Any CPU
		{F9B90F50-61B1-48BB-8CCA-8F7839AAFD96}.Release|Any CPU.ActiveCfg = Release|Any CPU
		{F9B90F50-61B1-48BB-8CCA-8F7839AAFD96}.Release|Any CPU.Build.0 = Release|Any CPU
		{25B04D5F-83AC-4FA6-8480-04699C929B2B}.Debug|Any CPU.ActiveCfg = Debug|Any CPU
		{25B04D5F-83AC-4FA6-8480-04699C929B2B}.Debug|Any CPU.Build.0 = Debug|Any CPU
		{25B04D5F-83AC-4FA6-8480-04699C929B2B}.Release|Any CPU.ActiveCfg = Release|Any CPU
		{25B04D5F-83AC-4FA6-8480-04699C929B2B}.Release|Any CPU.Build.0 = Release|Any CPU
		{E3EDF1F7-3D22-4B5C-B1EA-A441BBA031F3}.Debug|Any CPU.ActiveCfg = Debug|Any CPU
		{E3EDF1F7-3D22-4B5C-B1EA-A441BBA031F3}.Debug|Any CPU.Build.0 = Debug|Any CPU
		{E3EDF1F7-3D22-4B5C-B1EA-A441BBA031F3}.Release|Any CPU.ActiveCfg = Release|Any CPU
		{E3EDF1F7-3D22-4B5C-B1EA-A441BBA031F3}.Release|Any CPU.Build.0 = Release|Any CPU
	EndGlobalSection
	GlobalSection(SolutionProperties) = preSolution
		HideSolutionNode = FALSE
	EndGlobalSection
	GlobalSection(ExtensibilityGlobals) = postSolution
		SolutionGuid = {30696296-C3E3-4CD6-837A-D800479D13AC}
	EndGlobalSection
EndGlobal
