
Microsoft Visual Studio Solution File, Format Version 12.00
# Visual Studio 15
VisualStudioVersion = 15.0.27130.2010
MinimumVisualStudioVersion = 10.0.40219.1
Project("{FAE04EC0-301F-11D3-BF4B-00C04F79EFBC}") = "KEC.Curation.UI", "KEC.Curation.UI\KEC.Curation.UI.csproj", "{BD3658CC-F990-44DA-BCAB-7D9BA1C52955}"
EndProject
Global
	GlobalSection(SolutionConfigurationPlatforms) = preSolution
		Debug|Any CPU = Debug|Any CPU
		Release|Any CPU = Release|Any CPU
	EndGlobalSection
	GlobalSection(ProjectConfigurationPlatforms) = postSolution
		{BD3658CC-F990-44DA-BCAB-7D9BA1C52955}.Debug|Any CPU.ActiveCfg = Debug|Any CPU
		{BD3658CC-F990-44DA-BCAB-7D9BA1C52955}.Debug|Any CPU.Build.0 = Debug|Any CPU
		{BD3658CC-F990-44DA-BCAB-7D9BA1C52955}.Release|Any CPU.ActiveCfg = Release|Any CPU
		{BD3658CC-F990-44DA-BCAB-7D9BA1C52955}.Release|Any CPU.Build.0 = Release|Any CPU
	EndGlobalSection
	GlobalSection(SolutionProperties) = preSolution
		HideSolutionNode = FALSE
	EndGlobalSection
	GlobalSection(ExtensibilityGlobals) = postSolution
		SolutionGuid = {EBCD5100-9085-4C6A-A16D-54A057DC5A40}
	EndGlobalSection
EndGlobal
