
Microsoft Visual Studio Solution File, Format Version 12.00
# Visual Studio 15
VisualStudioVersion = 15.0.27428.2037
MinimumVisualStudioVersion = 10.0.40219.1
Project("{FAE04EC0-301F-11D3-BF4B-00C04F79EFBC}") = "KEC.Voucher.UI", "KEC.Voucher.UI\KEC.Voucher.UI.csproj", "{23ABF6BD-2C1E-43AB-BB0B-69D470B4E74B}"
EndProject
Global
	GlobalSection(SolutionConfigurationPlatforms) = preSolution
		Debug|Any CPU = Debug|Any CPU
		Release|Any CPU = Release|Any CPU
	EndGlobalSection
	GlobalSection(ProjectConfigurationPlatforms) = postSolution
		{23ABF6BD-2C1E-43AB-BB0B-69D470B4E74B}.Debug|Any CPU.ActiveCfg = Debug|Any CPU
		{23ABF6BD-2C1E-43AB-BB0B-69D470B4E74B}.Debug|Any CPU.Build.0 = Debug|Any CPU
		{23ABF6BD-2C1E-43AB-BB0B-69D470B4E74B}.Release|Any CPU.ActiveCfg = Release|Any CPU
		{23ABF6BD-2C1E-43AB-BB0B-69D470B4E74B}.Release|Any CPU.Build.0 = Release|Any CPU
	EndGlobalSection
	GlobalSection(SolutionProperties) = preSolution
		HideSolutionNode = FALSE
	EndGlobalSection
	GlobalSection(ExtensibilityGlobals) = postSolution
		SolutionGuid = {F113A73E-13E4-4D19-A880-80A54E8C6A1E}
	EndGlobalSection
EndGlobal
