
Microsoft Visual Studio Solution File, Format Version 12.00
# Visual Studio 15
VisualStudioVersion = 15.0.27130.2036
MinimumVisualStudioVersion = 10.0.40219.1
Project("{9A19103F-16F7-4668-BE54-9A1E7A4F7556}") = "KEC.ECommerce.Data", "KEC.ECommerce.Data\KEC.ECommerce.Data.csproj", "{9F40535F-D316-4E51-AD62-982071E3FBDD}"
EndProject
Project("{FAE04EC0-301F-11D3-BF4B-00C04F79EFBC}") = "KEC.ECommerce.Web.UI", "KEC.ECommerce.Web.UI\KEC.ECommerce.Web.UI.csproj", "{B15E35C9-BCDA-450D-8567-D0DCF7B29276}"
EndProject
Global
	GlobalSection(SolutionConfigurationPlatforms) = preSolution
		Debug|Any CPU = Debug|Any CPU
		Release|Any CPU = Release|Any CPU
	EndGlobalSection
	GlobalSection(ProjectConfigurationPlatforms) = postSolution
		{9F40535F-D316-4E51-AD62-982071E3FBDD}.Debug|Any CPU.ActiveCfg = Debug|Any CPU
		{9F40535F-D316-4E51-AD62-982071E3FBDD}.Debug|Any CPU.Build.0 = Debug|Any CPU
		{9F40535F-D316-4E51-AD62-982071E3FBDD}.Release|Any CPU.ActiveCfg = Release|Any CPU
		{9F40535F-D316-4E51-AD62-982071E3FBDD}.Release|Any CPU.Build.0 = Release|Any CPU
		{B15E35C9-BCDA-450D-8567-D0DCF7B29276}.Debug|Any CPU.ActiveCfg = Debug|Any CPU
		{B15E35C9-BCDA-450D-8567-D0DCF7B29276}.Debug|Any CPU.Build.0 = Debug|Any CPU
		{B15E35C9-BCDA-450D-8567-D0DCF7B29276}.Release|Any CPU.ActiveCfg = Release|Any CPU
		{B15E35C9-BCDA-450D-8567-D0DCF7B29276}.Release|Any CPU.Build.0 = Release|Any CPU
	EndGlobalSection
	GlobalSection(SolutionProperties) = preSolution
		HideSolutionNode = FALSE
	EndGlobalSection
	GlobalSection(ExtensibilityGlobals) = postSolution
		SolutionGuid = {1BE63274-0A65-4641-9FDD-B58F9DEA42FD}
	EndGlobalSection
EndGlobal
