
Microsoft Visual Studio Solution File, Format Version 12.00
# Visual Studio 15
VisualStudioVersion = 15.0.27130.2036
MinimumVisualStudioVersion = 10.0.40219.1
Project("{9A19103F-16F7-4668-BE54-9A1E7A4F7556}") = "KEC.ECommerce.Data", "KEC.ECommerce.Data\KEC.ECommerce.Data.csproj", "{CF37AA66-2891-442A-A3DC-4238EBC91F8C}"
EndProject
Project("{9A19103F-16F7-4668-BE54-9A1E7A4F7556}") = "KEC.ECommerce.Web.UI", "KEC.ECommerce.Web.UI\KEC.ECommerce.Web.UI.csproj", "{FDB8B451-5033-41E4-A2A1-1DC29250EDF7}"
EndProject
Global
	GlobalSection(SolutionConfigurationPlatforms) = preSolution
		Debug|Any CPU = Debug|Any CPU
		Release|Any CPU = Release|Any CPU
	EndGlobalSection
	GlobalSection(ProjectConfigurationPlatforms) = postSolution
		{CF37AA66-2891-442A-A3DC-4238EBC91F8C}.Debug|Any CPU.ActiveCfg = Debug|Any CPU
		{CF37AA66-2891-442A-A3DC-4238EBC91F8C}.Debug|Any CPU.Build.0 = Debug|Any CPU
		{CF37AA66-2891-442A-A3DC-4238EBC91F8C}.Release|Any CPU.ActiveCfg = Release|Any CPU
		{CF37AA66-2891-442A-A3DC-4238EBC91F8C}.Release|Any CPU.Build.0 = Release|Any CPU
		{FDB8B451-5033-41E4-A2A1-1DC29250EDF7}.Debug|Any CPU.ActiveCfg = Debug|Any CPU
		{FDB8B451-5033-41E4-A2A1-1DC29250EDF7}.Debug|Any CPU.Build.0 = Debug|Any CPU
		{FDB8B451-5033-41E4-A2A1-1DC29250EDF7}.Release|Any CPU.ActiveCfg = Release|Any CPU
		{FDB8B451-5033-41E4-A2A1-1DC29250EDF7}.Release|Any CPU.Build.0 = Release|Any CPU
	EndGlobalSection
	GlobalSection(SolutionProperties) = preSolution
		HideSolutionNode = FALSE
	EndGlobalSection
	GlobalSection(ExtensibilityGlobals) = postSolution
		SolutionGuid = {1BE63274-0A65-4641-9FDD-B58F9DEA42FD}
	EndGlobalSection
EndGlobal
