
Microsoft Visual Studio Solution File, Format Version 12.00
# Visual Studio 15
VisualStudioVersion = 15.0.28010.2016
MinimumVisualStudioVersion = 10.0.40219.1
Project("{FAE04EC0-301F-11D3-BF4B-00C04F79EFBC}") = "KEC.Reader", "KEC.Reader\KEC.Reader.csproj", "{669EBB0C-7E54-4C3B-B78A-539DC04A2D87}"
EndProject
Global
	GlobalSection(SolutionConfigurationPlatforms) = preSolution
		Debug|Any CPU = Debug|Any CPU
		Release|Any CPU = Release|Any CPU
	EndGlobalSection
	GlobalSection(ProjectConfigurationPlatforms) = postSolution
		{669EBB0C-7E54-4C3B-B78A-539DC04A2D87}.Debug|Any CPU.ActiveCfg = Debug|Any CPU
		{669EBB0C-7E54-4C3B-B78A-539DC04A2D87}.Debug|Any CPU.Build.0 = Debug|Any CPU
		{669EBB0C-7E54-4C3B-B78A-539DC04A2D87}.Release|Any CPU.ActiveCfg = Release|Any CPU
		{669EBB0C-7E54-4C3B-B78A-539DC04A2D87}.Release|Any CPU.Build.0 = Release|Any CPU
	EndGlobalSection
	GlobalSection(SolutionProperties) = preSolution
		HideSolutionNode = FALSE
	EndGlobalSection
	GlobalSection(ExtensibilityGlobals) = postSolution
		SolutionGuid = {4992B5A0-CA33-4862-9675-880ED0B0A5A5}
	EndGlobalSection
EndGlobal
